
Microsoft Visual Studio Solution File, Format Version 12.00
# Visual Studio Version 17
VisualStudioVersion = 17.7.34024.191
MinimumVisualStudioVersion = 10.0.40219.1
Project("{FAE04EC0-301F-11D3-BF4B-00C04F79EFBC}") = "Esercizio2", "Esercizio2\Esercizio2.csproj", "{778CF09F-B2C1-4A86-92D7-302AEF264CCE}"
EndProject
Global
	GlobalSection(SolutionConfigurationPlatforms) = preSolution
		Debug|Any CPU = Debug|Any CPU
		Release|Any CPU = Release|Any CPU
	EndGlobalSection
	GlobalSection(ProjectConfigurationPlatforms) = postSolution
		{778CF09F-B2C1-4A86-92D7-302AEF264CCE}.Debug|Any CPU.ActiveCfg = Debug|Any CPU
		{778CF09F-B2C1-4A86-92D7-302AEF264CCE}.Debug|Any CPU.Build.0 = Debug|Any CPU
		{778CF09F-B2C1-4A86-92D7-302AEF264CCE}.Release|Any CPU.ActiveCfg = Release|Any CPU
		{778CF09F-B2C1-4A86-92D7-302AEF264CCE}.Release|Any CPU.Build.0 = Release|Any CPU
	EndGlobalSection
	GlobalSection(SolutionProperties) = preSolution
		HideSolutionNode = FALSE
	EndGlobalSection
	GlobalSection(ExtensibilityGlobals) = postSolution
		SolutionGuid = {7E268399-79BB-4FF1-8023-73BEB3ADF33F}
	EndGlobalSection
EndGlobal
